// !$*UTF8*$!
{
	archiveVersion = 1;
	classes = {
	};
	objectVersion = 56;
	objects = {

/* Begin PBXBuildFile section */
		6264EC26291BA7BF00E643B7 /* main.m in Sources */ = {isa = PBXBuildFile; fileRef = 6264EC25291BA7BF00E643B7 /* main.m */; };
		6264EC33291BA7DB00E643B7 /* main.m in Sources */ = {isa = PBXBuildFile; fileRef = 6264EC32291BA7DB00E643B7 /* main.m */; };
		6282A2BE292CA5A20093C219 /* SeTCPServer.m in Sources */ = {isa = PBXBuildFile; fileRef = 6282A2BD292CA5A20093C219 /* SeTCPServer.m */; };
		6282A2C1292F98370093C219 /* SeTCPClient.m in Sources */ = {isa = PBXBuildFile; fileRef = 6282A2C0292F98370093C219 /* SeTCPClient.m */; };
/* End PBXBuildFile section */

/* Begin PBXCopyFilesBuildPhase section */
		6264EC20291BA7BF00E643B7 /* CopyFiles */ = {
			isa = PBXCopyFilesBuildPhase;
			buildActionMask = 2147483647;
			dstPath = /usr/share/man/man1/;
			dstSubfolderSpec = 0;
			files = (
			);
			runOnlyForDeploymentPostprocessing = 1;
		};
		6264EC2E291BA7DB00E643B7 /* CopyFiles */ = {
			isa = PBXCopyFilesBuildPhase;
			buildActionMask = 2147483647;
			dstPath = /usr/share/man/man1/;
			dstSubfolderSpec = 0;
			files = (
			);
			runOnlyForDeploymentPostprocessing = 1;
		};
/* End PBXCopyFilesBuildPhase section */

/* Begin PBXFileReference section */
		6264EC22291BA7BF00E643B7 /* Server */ = {isa = PBXFileReference; explicitFileType = "compiled.mach-o.executable"; includeInIndex = 0; path = Server; sourceTree = BUILT_PRODUCTS_DIR; };
		6264EC25291BA7BF00E643B7 /* main.m */ = {isa = PBXFileReference; lastKnownFileType = sourcecode.c.objc; path = main.m; sourceTree = "<group>"; };
		6264EC30291BA7DB00E643B7 /* Client */ = {isa = PBXFileReference; explicitFileType = "compiled.mach-o.executable"; includeInIndex = 0; path = Client; sourceTree = BUILT_PRODUCTS_DIR; };
		6264EC32291BA7DB00E643B7 /* main.m */ = {isa = PBXFileReference; lastKnownFileType = sourcecode.c.objc; path = main.m; sourceTree = "<group>"; };
		6282A2BC292CA4F20093C219 /* SeTCPServer.h */ = {isa = PBXFileReference; lastKnownFileType = sourcecode.c.h; path = SeTCPServer.h; sourceTree = "<group>"; };
		6282A2BD292CA5A20093C219 /* SeTCPServer.m */ = {isa = PBXFileReference; lastKnownFileType = sourcecode.c.objc; path = SeTCPServer.m; sourceTree = "<group>"; };
		6282A2BF292F97990093C219 /* SeTCPClient.h */ = {isa = PBXFileReference; lastKnownFileType = sourcecode.c.h; path = SeTCPClient.h; sourceTree = "<group>"; };
		6282A2C0292F98370093C219 /* SeTCPClient.m */ = {isa = PBXFileReference; lastKnownFileType = sourcecode.c.objc; path = SeTCPClient.m; sourceTree = "<group>"; };
/* End PBXFileReference section */

/* Begin PBXFrameworksBuildPhase section */
		6264EC1F291BA7BF00E643B7 /* Frameworks */ = {
			isa = PBXFrameworksBuildPhase;
			buildActionMask = 2147483647;
			files = (
			);
			runOnlyForDeploymentPostprocessing = 0;
		};
		6264EC2D291BA7DB00E643B7 /* Frameworks */ = {
			isa = PBXFrameworksBuildPhase;
			buildActionMask = 2147483647;
			files = (
			);
			runOnlyForDeploymentPostprocessing = 0;
		};
/* End PBXFrameworksBuildPhase section */

/* Begin PBXGroup section */
		6264EC19291BA7BF00E643B7 = {
			isa = PBXGroup;
			children = (
				6264EC24291BA7BF00E643B7 /* Server */,
				6264EC31291BA7DB00E643B7 /* Client */,
				6264EC23291BA7BF00E643B7 /* Products */,
			);
			sourceTree = "<group>";
		};
		6264EC23291BA7BF00E643B7 /* Products */ = {
			isa = PBXGroup;
			children = (
				6264EC22291BA7BF00E643B7 /* Server */,
				6264EC30291BA7DB00E643B7 /* Client */,
			);
			name = Products;
			sourceTree = "<group>";
		};
		6264EC24291BA7BF00E643B7 /* Server */ = {
			isa = PBXGroup;
			children = (
				6264EC25291BA7BF00E643B7 /* main.m */,
				6282A2BC292CA4F20093C219 /* SeTCPServer.h */,
				6282A2BD292CA5A20093C219 /* SeTCPServer.m */,
			);
			path = Server;
			sourceTree = "<group>";
		};
		6264EC31291BA7DB00E643B7 /* Client */ = {
			isa = PBXGroup;
			children = (
				6264EC32291BA7DB00E643B7 /* main.m */,
				6282A2BF292F97990093C219 /* SeTCPClient.h */,
				6282A2C0292F98370093C219 /* SeTCPClient.m */,
			);
			path = Client;
			sourceTree = "<group>";
		};
/* End PBXGroup section */

/* Begin PBXNativeTarget section */
		6264EC21291BA7BF00E643B7 /* Server */ = {
			isa = PBXNativeTarget;
			buildConfigurationList = 6264EC29291BA7BF00E643B7 /* Build configuration list for PBXNativeTarget "Server" */;
			buildPhases = (
				6264EC1E291BA7BF00E643B7 /* Sources */,
				6264EC1F291BA7BF00E643B7 /* Frameworks */,
				6264EC20291BA7BF00E643B7 /* CopyFiles */,
			);
			buildRules = (
			);
			dependencies = (
			);
			name = Server;
			productName = "Client-Server";
			productReference = 6264EC22291BA7BF00E643B7 /* Server */;
			productType = "com.apple.product-type.tool";
		};
		6264EC2F291BA7DB00E643B7 /* Client */ = {
			isa = PBXNativeTarget;
			buildConfigurationList = 6264EC34291BA7DB00E643B7 /* Build configuration list for PBXNativeTarget "Client" */;
			buildPhases = (
				6264EC2C291BA7DB00E643B7 /* Sources */,
				6264EC2D291BA7DB00E643B7 /* Frameworks */,
				6264EC2E291BA7DB00E643B7 /* CopyFiles */,
			);
			buildRules = (
			);
			dependencies = (
			);
			name = Client;
			productName = Client;
			productReference = 6264EC30291BA7DB00E643B7 /* Client */;
			productType = "com.apple.product-type.tool";
		};
/* End PBXNativeTarget section */

/* Begin PBXProject section */
		6264EC1A291BA7BF00E643B7 /* Project object */ = {
			isa = PBXProject;
			attributes = {
				BuildIndependentTargetsInParallel = 1;
				LastUpgradeCheck = 1410;
				TargetAttributes = {
					6264EC21291BA7BF00E643B7 = {
						CreatedOnToolsVersion = 14.1;
					};
					6264EC2F291BA7DB00E643B7 = {
						CreatedOnToolsVersion = 14.1;
					};
				};
			};
			buildConfigurationList = 6264EC1D291BA7BF00E643B7 /* Build configuration list for PBXProject "Client-Server" */;
			compatibilityVersion = "Xcode 14.0";
			developmentRegion = en;
			hasScannedForEncodings = 0;
			knownRegions = (
				en,
				Base,
			);
			mainGroup = 6264EC19291BA7BF00E643B7;
			productRefGroup = 6264EC23291BA7BF00E643B7 /* Products */;
			projectDirPath = "";
			projectRoot = "";
			targets = (
				6264EC21291BA7BF00E643B7 /* Server */,
				6264EC2F291BA7DB00E643B7 /* Client */,
			);
		};
/* End PBXProject section */

/* Begin PBXSourcesBuildPhase section */
		6264EC1E291BA7BF00E643B7 /* Sources */ = {
			isa = PBXSourcesBuildPhase;
			buildActionMask = 2147483647;
			files = (
				6282A2BE292CA5A20093C219 /* SeTCPServer.m in Sources */,
				6264EC26291BA7BF00E643B7 /* main.m in Sources */,
			);
			runOnlyForDeploymentPostprocessing = 0;
		};
		6264EC2C291BA7DB00E643B7 /* Sources */ = {
			isa = PBXSourcesBuildPhase;
			buildActionMask = 2147483647;
			files = (
				6282A2C1292F98370093C219 /* SeTCPClient.m in Sources */,
				6264EC33291BA7DB00E643B7 /* main.m in Sources */,
			);
			runOnlyForDeploymentPostprocessing = 0;
		};
/* End PBXSourcesBuildPhase section */

/* Begin XCBuildConfiguration section */
		6264EC27291BA7BF00E643B7 /* Debug */ = {
			isa = XCBuildConfiguration;
			buildSettings = {
				ALWAYS_SEARCH_USER_PATHS = NO;
				CLANG_ANALYZER_NONNULL = YES;
				CLANG_ANALYZER_NUMBER_OBJECT_CONVERSION = YES_AGGRESSIVE;
				CLANG_CXX_LANGUAGE_STANDARD = "gnu++20";
				CLANG_ENABLE_MODULES = YES;
				CLANG_ENABLE_OBJC_ARC = YES;
				CLANG_ENABLE_OBJC_WEAK = YES;
				CLANG_WARN_BLOCK_CAPTURE_AUTORELEASING = YES;
				CLANG_WARN_BOOL_CONVERSION = YES;
				CLANG_WARN_COMMA = YES;
				CLANG_WARN_CONSTANT_CONVERSION = YES;
				CLANG_WARN_DEPRECATED_OBJC_IMPLEMENTATIONS = YES;
				CLANG_WARN_DIRECT_OBJC_ISA_USAGE = YES_ERROR;
				CLANG_WARN_DOCUMENTATION_COMMENTS = YES;
				CLANG_WARN_EMPTY_BODY = YES;
				CLANG_WARN_ENUM_CONVERSION = YES;
				CLANG_WARN_INFINITE_RECURSION = YES;
				CLANG_WARN_INT_CONVERSION = YES;
				CLANG_WARN_NON_LITERAL_NULL_CONVERSION = YES;
				CLANG_WARN_OBJC_IMPLICIT_RETAIN_SELF = YES;
				CLANG_WARN_OBJC_LITERAL_CONVERSION = YES;
				CLANG_WARN_OBJC_ROOT_CLASS = YES_ERROR;
				CLANG_WARN_QUOTED_INCLUDE_IN_FRAMEWORK_HEADER = YES;
				CLANG_WARN_RANGE_LOOP_ANALYSIS = YES;
				CLANG_WARN_STRICT_PROTOTYPES = YES;
				CLANG_WARN_SUSPICIOUS_MOVE = YES;
				CLANG_WARN_UNGUARDED_AVAILABILITY = YES_AGGRESSIVE;
				CLANG_WARN_UNREACHABLE_CODE = YES;
				CLANG_WARN__DUPLICATE_METHOD_MATCH = YES;
				COPY_PHASE_STRIP = NO;
				DEBUG_INFORMATION_FORMAT = dwarf;
				ENABLE_STRICT_OBJC_MSGSEND = YES;
				ENABLE_TESTABILITY = YES;
				GCC_C_LANGUAGE_STANDARD = gnu11;
				GCC_DYNAMIC_NO_PIC = NO;
				GCC_NO_COMMON_BLOCKS = YES;
				GCC_OPTIMIZATION_LEVEL = 0;
				GCC_PREPROCESSOR_DEFINITIONS = (
					"DEBUG=1",
					"$(inherited)",
				);
				GCC_WARN_64_TO_32_BIT_CONVERSION = YES;
				GCC_WARN_ABOUT_RETURN_TYPE = YES_ERROR;
				GCC_WARN_UNDECLARED_SELECTOR = YES;
				GCC_WARN_UNINITIALIZED_AUTOS = YES_AGGRESSIVE;
				GCC_WARN_UNUSED_FUNCTION = YES;
				GCC_WARN_UNUSED_VARIABLE = YES;
				MACOSX_DEPLOYMENT_TARGET = 13.0;
				MTL_ENABLE_DEBUG_INFO = INCLUDE_SOURCE;
				MTL_FAST_MATH = YES;
				ONLY_ACTIVE_ARCH = YES;
				SDKROOT = macosx;
			};
			name = Debug;
		};
		6264EC28291BA7BF00E643B7 /* Release */ = {
			isa = XCBuildConfiguration;
			buildSettings = {
				ALWAYS_SEARCH_USER_PATHS = NO;
				CLANG_ANALYZER_NONNULL = YES;
				CLANG_ANALYZER_NUMBER_OBJECT_CONVERSION = YES_AGGRESSIVE;
				CLANG_CXX_LANGUAGE_STANDARD = "gnu++20";
				CLANG_ENABLE_MODULES = YES;
				CLANG_ENABLE_OBJC_ARC = YES;
				CLANG_ENABLE_OBJC_WEAK = YES;
				CLANG_WARN_BLOCK_CAPTURE_AUTORELEASING = YES;
				CLANG_WARN_BOOL_CONVERSION = YES;
				CLANG_WARN_COMMA = YES;
				CLANG_WARN_CONSTANT_CONVERSION = YES;
				CLANG_WARN_DEPRECATED_OBJC_IMPLEMENTATIONS = YES;
				CLANG_WARN_DIRECT_OBJC_ISA_USAGE = YES_ERROR;
				CLANG_WARN_DOCUMENTATION_COMMENTS = YES;
				CLANG_WARN_EMPTY_BODY = YES;
				CLANG_WARN_ENUM_CONVERSION = YES;
				CLANG_WARN_INFINITE_RECURSION = YES;
				CLANG_WARN_INT_CONVERSION = YES;
				CLANG_WARN_NON_LITERAL_NULL_CONVERSION = YES;
				CLANG_WARN_OBJC_IMPLICIT_RETAIN_SELF = YES;
				CLANG_WARN_OBJC_LITERAL_CONVERSION = YES;
				CLANG_WARN_OBJC_ROOT_CLASS = YES_ERROR;
				CLANG_WARN_QUOTED_INCLUDE_IN_FRAMEWORK_HEADER = YES;
				CLANG_WARN_RANGE_LOOP_ANALYSIS = YES;
				CLANG_WARN_STRICT_PROTOTYPES = YES;
				CLANG_WARN_SUSPICIOUS_MOVE = YES;
				CLANG_WARN_UNGUARDED_AVAILABILITY = YES_AGGRESSIVE;
				CLANG_WARN_UNREACHABLE_CODE = YES;
				CLANG_WARN__DUPLICATE_METHOD_MATCH = YES;
				COPY_PHASE_STRIP = NO;
				DEBUG_INFORMATION_FORMAT = "dwarf-with-dsym";
				ENABLE_NS_ASSERTIONS = NO;
				ENABLE_STRICT_OBJC_MSGSEND = YES;
				GCC_C_LANGUAGE_STANDARD = gnu11;
				GCC_NO_COMMON_BLOCKS = YES;
				GCC_WARN_64_TO_32_BIT_CONVERSION = YES;
				GCC_WARN_ABOUT_RETURN_TYPE = YES_ERROR;
				GCC_WARN_UNDECLARED_SELECTOR = YES;
				GCC_WARN_UNINITIALIZED_AUTOS = YES_AGGRESSIVE;
				GCC_WARN_UNUSED_FUNCTION = YES;
				GCC_WARN_UNUSED_VARIABLE = YES;
				MACOSX_DEPLOYMENT_TARGET = 13.0;
				MTL_ENABLE_DEBUG_INFO = NO;
				MTL_FAST_MATH = YES;
				SDKROOT = macosx;
			};
			name = Release;
		};
		6264EC2A291BA7BF00E643B7 /* Debug */ = {
			isa = XCBuildConfiguration;
			buildSettings = {
				CODE_SIGN_STYLE = Automatic;
				PRODUCT_NAME = "$(TARGET_NAME)";
			};
			name = Debug;
		};
		6264EC2B291BA7BF00E643B7 /* Release */ = {
			isa = XCBuildConfiguration;
			buildSettings = {
				CODE_SIGN_STYLE = Automatic;
				PRODUCT_NAME = "$(TARGET_NAME)";
			};
			name = Release;
		};
		6264EC35291BA7DB00E643B7 /* Debug */ = {
			isa = XCBuildConfiguration;
			buildSettings = {
				CODE_SIGN_STYLE = Automatic;
				PRODUCT_NAME = "$(TARGET_NAME)";
			};
			name = Debug;
		};
		6264EC36291BA7DB00E643B7 /* Release */ = {
			isa = XCBuildConfiguration;
			buildSettings = {
				CODE_SIGN_STYLE = Automatic;
				PRODUCT_NAME = "$(TARGET_NAME)";
			};
			name = Release;
		};
/* End XCBuildConfiguration section */

/* Begin XCConfigurationList section */
		6264EC1D291BA7BF00E643B7 /* Build configuration list for PBXProject "Client-Server" */ = {
			isa = XCConfigurationList;
			buildConfigurations = (
				6264EC27291BA7BF00E643B7 /* Debug */,
				6264EC28291BA7BF00E643B7 /* Release */,
			);
			defaultConfigurationIsVisible = 0;
			defaultConfigurationName = Release;
		};
		6264EC29291BA7BF00E643B7 /* Build configuration list for PBXNativeTarget "Server" */ = {
			isa = XCConfigurationList;
			buildConfigurations = (
				6264EC2A291BA7BF00E643B7 /* Debug */,
				6264EC2B291BA7BF00E643B7 /* Release */,
			);
			defaultConfigurationIsVisible = 0;
			defaultConfigurationName = Release;
		};
		6264EC34291BA7DB00E643B7 /* Build configuration list for PBXNativeTarget "Client" */ = {
			isa = XCConfigurationList;
			buildConfigurations = (
				6264EC35291BA7DB00E643B7 /* Debug */,
				6264EC36291BA7DB00E643B7 /* Release */,
			);
			defaultConfigurationIsVisible = 0;
			defaultConfigurationName = Release;
		};
/* End XCConfigurationList section */
	};
	rootObject = 6264EC1A291BA7BF00E643B7 /* Project object */;
}
